
Microsoft Visual Studio Solution File, Format Version 12.00
# Visual Studio Version 17
VisualStudioVersion = 17.0.31903.59
MinimumVisualStudioVersion = 10.0.40219.1
Project("{2150E333-8FDC-42A3-9474-1A3956D46DE8}") = "src", "src", "{138A140F-ED42-4BDF-8F3E-494DB32C068D}"
EndProject
Project("{FAE04EC0-301F-11D3-BF4B-00C04F79EFBC}") = "GovAmbiental.API", "src\GovAmbiental.API\GovAmbiental.API.csproj", "{5260ACC4-288A-41FA-9861-3105F022083F}"
EndProject
Project("{2150E333-8FDC-42A3-9474-1A3956D46DE8}") = "tests", "tests", "{4EA11C0C-30AD-4D02-ABA1-09AE94DF3D26}"
EndProject
Project("{FAE04EC0-301F-11D3-BF4B-00C04F79EFBC}") = "GovAmbiental.Tests", "tests\GovAmbiental.Tests\GovAmbiental.Tests.csproj", "{1DBF1C05-CDED-4BA9-9A52-71B6F6AA0C49}"
EndProject
Global
	GlobalSection(SolutionConfigurationPlatforms) = preSolution
		Debug|Any CPU = Debug|Any CPU
		Release|Any CPU = Release|Any CPU
	EndGlobalSection
	GlobalSection(SolutionProperties) = preSolution
		HideSolutionNode = FALSE
	EndGlobalSection
	GlobalSection(ProjectConfigurationPlatforms) = postSolution
		{5260ACC4-288A-41FA-9861-3105F022083F}.Debug|Any CPU.ActiveCfg = Debug|Any CPU
		{5260ACC4-288A-41FA-9861-3105F022083F}.Debug|Any CPU.Build.0 = Debug|Any CPU
		{5260ACC4-288A-41FA-9861-3105F022083F}.Release|Any CPU.ActiveCfg = Release|Any CPU
		{5260ACC4-288A-41FA-9861-3105F022083F}.Release|Any CPU.Build.0 = Release|Any CPU
		{1DBF1C05-CDED-4BA9-9A52-71B6F6AA0C49}.Debug|Any CPU.ActiveCfg = Debug|Any CPU
		{1DBF1C05-CDED-4BA9-9A52-71B6F6AA0C49}.Debug|Any CPU.Build.0 = Debug|Any CPU
		{1DBF1C05-CDED-4BA9-9A52-71B6F6AA0C49}.Release|Any CPU.ActiveCfg = Release|Any CPU
		{1DBF1C05-CDED-4BA9-9A52-71B6F6AA0C49}.Release|Any CPU.Build.0 = Release|Any CPU
	EndGlobalSection
	GlobalSection(NestedProjects) = preSolution
		{5260ACC4-288A-41FA-9861-3105F022083F} = {138A140F-ED42-4BDF-8F3E-494DB32C068D}
		{1DBF1C05-CDED-4BA9-9A52-71B6F6AA0C49} = {4EA11C0C-30AD-4D02-ABA1-09AE94DF3D26}
	EndGlobalSection
EndGlobal
